
Microsoft Visual Studio Solution File, Format Version 12.00
# Visual Studio 14
VisualStudioVersion = 14.0.24720.0
MinimumVisualStudioVersion = 10.0.40219.1
Project("{FAE04EC0-301F-11D3-BF4B-00C04F79EFBC}") = "Fiap.Exemplo02.MVC.Web", "Fiap.Exemplo02.MVC.Web\Fiap.Exemplo02.MVC.Web.csproj", "{E54E6FCE-A0E0-410A-ADC5-AAAA073955F4}"
EndProject
Project("{00D1A9C2-B5F0-4AF3-8072-F6C62B433612}") = "Fiap.Exemplo02.Database", "Fiap.Exemplo02.Database\Fiap.Exemplo02.Database.sqlproj", "{57108C21-E51B-44BB-84D4-E0DA2470F1CF}"
EndProject
Project("{FAE04EC0-301F-11D3-BF4B-00C04F79EFBC}") = "Fiap.Exemplo02.Dominio", "Fiap.Exemplo02.Dominio\Fiap.Exemplo02.Dominio.csproj", "{7D693D48-BE22-4923-8145-A93679F0C120}"
EndProject
Project("{FAE04EC0-301F-11D3-BF4B-00C04F79EFBC}") = "Fiap.Exemplo02.Persistencia", "Fiap.Exemplo02.Persistencia\Fiap.Exemplo02.Persistencia.csproj", "{13A1429D-5271-494F-993B-5709EE38E03C}"
EndProject
Global
	GlobalSection(SolutionConfigurationPlatforms) = preSolution
		Debug|Any CPU = Debug|Any CPU
		Release|Any CPU = Release|Any CPU
	EndGlobalSection
	GlobalSection(ProjectConfigurationPlatforms) = postSolution
		{E54E6FCE-A0E0-410A-ADC5-AAAA073955F4}.Debug|Any CPU.ActiveCfg = Debug|Any CPU
		{E54E6FCE-A0E0-410A-ADC5-AAAA073955F4}.Debug|Any CPU.Build.0 = Debug|Any CPU
		{E54E6FCE-A0E0-410A-ADC5-AAAA073955F4}.Release|Any CPU.ActiveCfg = Release|Any CPU
		{E54E6FCE-A0E0-410A-ADC5-AAAA073955F4}.Release|Any CPU.Build.0 = Release|Any CPU
		{57108C21-E51B-44BB-84D4-E0DA2470F1CF}.Debug|Any CPU.ActiveCfg = Debug|Any CPU
		{57108C21-E51B-44BB-84D4-E0DA2470F1CF}.Debug|Any CPU.Build.0 = Debug|Any CPU
		{57108C21-E51B-44BB-84D4-E0DA2470F1CF}.Debug|Any CPU.Deploy.0 = Debug|Any CPU
		{57108C21-E51B-44BB-84D4-E0DA2470F1CF}.Release|Any CPU.ActiveCfg = Release|Any CPU
		{57108C21-E51B-44BB-84D4-E0DA2470F1CF}.Release|Any CPU.Build.0 = Release|Any CPU
		{57108C21-E51B-44BB-84D4-E0DA2470F1CF}.Release|Any CPU.Deploy.0 = Release|Any CPU
		{7D693D48-BE22-4923-8145-A93679F0C120}.Debug|Any CPU.ActiveCfg = Debug|Any CPU
		{7D693D48-BE22-4923-8145-A93679F0C120}.Debug|Any CPU.Build.0 = Debug|Any CPU
		{7D693D48-BE22-4923-8145-A93679F0C120}.Release|Any CPU.ActiveCfg = Release|Any CPU
		{7D693D48-BE22-4923-8145-A93679F0C120}.Release|Any CPU.Build.0 = Release|Any CPU
		{13A1429D-5271-494F-993B-5709EE38E03C}.Debug|Any CPU.ActiveCfg = Debug|Any CPU
		{13A1429D-5271-494F-993B-5709EE38E03C}.Debug|Any CPU.Build.0 = Debug|Any CPU
		{13A1429D-5271-494F-993B-5709EE38E03C}.Release|Any CPU.ActiveCfg = Release|Any CPU
		{13A1429D-5271-494F-993B-5709EE38E03C}.Release|Any CPU.Build.0 = Release|Any CPU
	EndGlobalSection
	GlobalSection(SolutionProperties) = preSolution
		HideSolutionNode = FALSE
	EndGlobalSection
EndGlobal
